version = 1
revision = 3
requires-python = ">=3.14"

[[package]]
name = "evdev"
version = "1.9.3"
source = { registry = "https://pypi.org/simple" }
sdist = { url = "https://files.pythonhosted.org/packages/a5/f5/397b61091120a9ca5001041dd7bf76c385b3bfd67a0e5bcb74b852bd22a4/evdev-1.9.3.tar.gz", hash = "sha256:2c140e01ac8437758fa23fe5c871397412461f42d421aa20241dc8fe8cfccbc9", size = 32723, upload-time = "2026-02-05T21:54:24.987Z" }

[[package]]
name = "pydi"
version = "0.1.0"
source = { virtual = "." }
dependencies = [
    { name = "pynput" },
    { name = "pyside6" },
]

[package.metadata]
requires-dist = [
    { name = "pynput", specifier = ">=1.8.2" },
    { name = "pyside6", specifier = ">=6.11.1" },
]

[[package]]
name = "pynput"
version = "1.8.2"
source = { registry = "https://pypi.org/simple" }
dependencies = [
    { name = "evdev", marker = "'linux' in sys_platform" },
    { name = "pyobjc-framework-applicationservices", marker = "sys_platform == 'darwin'" },
    { name = "pyobjc-framework-quartz", marker = "sys_platform == 'darwin'" },
    { name = "python-xlib", marker = "'linux' in sys_platform" },
    { name = "six" },
]
sdist = { url = "https://files.pythonhosted.org/packages/86/c6/e2d415610cfbc78308bee44218a46124aaa3301b1df08814df819b2254a1/pynput-1.8.2.tar.gz", hash = "sha256:f493c87157cd3861b4468f7f896857051762f44ed26f1b641e7cc5840a457087", size = 82818, upload-time = "2026-05-12T19:11:39.464Z" }
wheels = [
    { url = "https://files.pythonhosted.org/packages/6d/98/bbeb760852adb27f166ce1617f0e51aabb15f21b1e60ea703f2aed3c78ac/pynput-1.8.2-py2.py3-none-any.whl", hash = "sha256:8cc38cf13a6ab2749cb375678be8a0fd705d7ce49c8001ff5db4007a723bbef1", size = 92028, upload-time = "2026-05-12T19:11:37.89Z" },
]

[[package]]
name = "pyobjc-core"
version = "12.2.1"
source = { registry = "https://pypi.org/simple" }
sdist = { url = "https://files.pythonhosted.org/packages/b4/b1/729f7458a63758bd21716648a8abcd9a0c8f2d2e9897763c8a1a1c7fd31b/pyobjc_core-12.2.1.tar.gz", hash = "sha256:7a7b9b018402342cf32bf1956366896350fbe5c0478cb3ef59778f77abed7f07", size = 1063383, upload-time = "2026-06-19T16:19:39.357Z" }
wheels = [
    { url = "https://files.pythonhosted.org/packages/bd/8a/cfa4f56939d554dbb342ec6e5226a441e2f552bc2002a0ddf7705bb11bef/pyobjc_core-12.2.1-cp314-cp314-macosx_10_15_universal2.whl", hash = "sha256:2b8fc0531c27277325e113ac00b8a72a82e6145f0a88175b9425d8de814ff69a", size = 6429289, upload-time = "2026-06-19T16:05:02.191Z" },
    { url = "https://files.pythonhosted.org/packages/42/74/446c89bc18103aaa4a00d1fb85ff8acace9a0dc3f362d9678ebf7571e275/pyobjc_core-12.2.1-cp314-cp314t-macosx_10_15_universal2.whl", hash = "sha256:9bef500f979e22d54f9da3aaebf6a48f873234b324858bd69256055a318955c7", size = 6690181, upload-time = "2026-06-19T16:05:06.201Z" },
    { url = "https://files.pythonhosted.org/packages/99/c7/0121ee4c616af07ad2de8cd1a286f6978dc9a227eb58b7c2e875cb68a1df/pyobjc_core-12.2.1-cp315-cp315-macosx_10_15_universal2.whl", hash = "sha256:047c226eeb58a2993ace5e8904e71cc9426ee20d064c617f8fbf32717d37093e", size = 6487078, upload-time = "2026-06-19T16:05:10.093Z" },
    { url = "https://files.pythonhosted.org/packages/b5/a8/cb9fcc150f97d0bf22a2028f88b24cc35949beb1bcc7b8bc5c17d4401677/pyobjc_core-12.2.1-cp315-cp315t-macosx_10_15_universal2.whl", hash = "sha256:1188613805336270279570467e4455b74cb6c0f60913ac74c917ee1c37cfaecb", size = 6733064, upload-time = "2026-06-19T16:05:14.313Z" },
]

[[package]]
name = "pyobjc-framework-applicationservices"
version = "12.2.1"
source = { registry = "https://pypi.org/simple" }
dependencies = [
    { name = "pyobjc-core" },
    { name = "pyobjc-framework-cocoa" },
    { name = "pyobjc-framework-coretext" },
    { name = "pyobjc-framework-quartz" },
]
sdist = { url = "https://files.pythonhosted.org/packages/5e/4d/0ebdd8144aba94b8fe9828ccee5616a4bf53d1f8bc51cff55f3cce86d695/pyobjc_framework_applicationservices-12.2.1.tar.gz", hash = "sha256:048ea663c9ac75c44a15dc7d5b8d78cbb4c97bf1c76e83835e8d5498e184001f", size = 109342, upload-time = "2026-06-19T16:19:46.149Z" }
wheels = [
    { url = "https://files.pythonhosted.org/packages/8b/47/cd2bd76b862686c0aa78568ed9dff175764353c209a3096c72d6e2a9b151/pyobjc_framework_applicationservices-12.2.1-cp314-cp314-macosx_10_15_universal2.whl", hash = "sha256:a1c0ee536cb8bd7f5a811165ec323a9207b1e8dad9534fe2081f767fb90b0411", size = 32921, upload-time = "2026-06-19T16:05:42.23Z" },
    { url = "https://files.pythonhosted.org/packages/05/db/6989a96f8501aa3a16513d08b2c4c78ca906a10b6a4e5a33c4c59fd1bea9/pyobjc_framework_applicationservices-12.2.1-cp314-cp314t-macosx_10_15_universal2.whl", hash = "sha256:0d55dd5be19e4a1363662bc8b48894d45714d07f0ee3958665fc9ea7df0f61b7", size = 33163, upload-time = "2026-06-19T16:05:43.256Z" },
    { url = "https://files.pythonhosted.org/packages/5c/41/66f2bcd12454a85f0479393f5825021332ee84b49583c7954cd20310cab5/pyobjc_framework_applicationservices-12.2.1-cp315-cp315-macosx_10_15_universal2.whl", hash = "sha256:e91c84238b2f68f608473854bcabb8770f15ad837e7561d217f24a1e482e42be", size = 32915, upload-time = "2026-06-19T16:05:44.151Z" },
    { url = "https://files.pythonhosted.org/packages/81/cf/04b6b1eb181fa3071e9743bab7551f5d2ec3f650ac74bab790f21717ba51/pyobjc_framework_applicationservices-12.2.1-cp315-cp315t-macosx_10_15_universal2.whl", hash = "sha256:09bfa27765d4c74155323fd8185b7aba6d639ce06c0a9f00ee2d9e7dce3d7800", size = 33158, upload-time = "2026-06-19T16:05:45.017Z" },
]

[[package]]
name = "pyobjc-framework-cocoa"
version = "12.2.1"
source = { registry = "https://pypi.org/simple" }
dependencies = [
    { name = "pyobjc-core" },
]
sdist = { url = "https://files.pythonhosted.org/packages/51/34/fbe38a204643aa4e1b91391cdce07a34da565a69171ebcad08de7438a556/pyobjc_framework_cocoa-12.2.1.tar.gz", hash = "sha256:b94b37fe5730e5ae1fb0052912cd174e6ec329b0bfba4a012ae5db1014b5864b", size = 3125751, upload-time = "2026-06-19T16:20:05.159Z" }
wheels = [
    { url = "https://files.pythonhosted.org/packages/ec/c8/b90baa8f3592eded79b4be98fb59d2b8dc16b62361e34292bd95806ebd9f/pyobjc_framework_cocoa-12.2.1-cp314-cp314-macosx_10_15_universal2.whl", hash = "sha256:b386c324d64ae565c1f6b7dfb77be68f640a1c7c23caa6966ab661131f519561", size = 388357, upload-time = "2026-06-19T16:07:43.364Z" },
    { url = "https://files.pythonhosted.org/packages/98/d8/64a94651b9294702d55e748d94de30e25bc59d0784526be7643f4467eccd/pyobjc_framework_cocoa-12.2.1-cp314-cp314t-macosx_10_15_universal2.whl", hash = "sha256:a6c584e2af0813cb2f6103b184e632665a26f58c1bd5b08ffd6e95a19c617f7b", size = 392404, upload-time = "2026-06-19T16:07:44.955Z" },
    { url = "https://files.pythonhosted.org/packages/5c/cc/26e8a7bf1f5e8caa38b7f80d486296f9fd3c97e71ad7e5444ef22e802758/pyobjc_framework_cocoa-12.2.1-cp315-cp315-macosx_10_15_universal2.whl", hash = "sha256:b6023657b8d6cc049a21bd6b4752425f2f53c42f9f0b02d64c7608cc484bf103", size = 388589, upload-time = "2026-06-19T16:07:46.276Z" },
    { url = "https://files.pythonhosted.org/packages/b6/f3/eedf743a303ea742b8e082afe3613fb4d6618bc1a48cf2568b004ce906f7/pyobjc_framework_cocoa-12.2.1-cp315-cp315t-macosx_10_15_universal2.whl", hash = "sha256:c685ccd8e266a07cf912a2c5a13b1f2eff2a868a1aff163b4801b4687bd425e1", size = 392691, upload-time = "2026-06-19T16:07:47.477Z" },
]

[[package]]
name = "pyobjc-framework-coretext"
version = "12.2.1"
source = { registry = "https://pypi.org/simple" }
dependencies = [
    { name = "pyobjc-core" },
    { name = "pyobjc-framework-cocoa" },
    { name = "pyobjc-framework-quartz" },
]
sdist = { url = "https://files.pythonhosted.org/packages/5a/9c/4c7f452059dc1d3845b8e627b9113c247a997b9b07518e848c2ab7ff3149/pyobjc_framework_coretext-12.2.1.tar.gz", hash = "sha256:af740e784d7c592c34025ec7165f4f6c1a69b5a2d9075f06e41e4f77c212aed2", size = 97349, upload-time = "2026-06-19T16:20:22.508Z" }
wheels = [
    { url = "https://files.pythonhosted.org/packages/c6/d8/d1178bb1ba3bb7a0d7a55db460aa89f2a8b232ed7eaf76cb402923cacf2d/pyobjc_framework_coretext-12.2.1-cp314-cp314-macosx_10_15_universal2.whl", hash = "sha256:d0b3b0467a23dbc2a39d0839e7100cc98b429fb7d52a471bd65477f46bb4c9e5", size = 30100, upload-time = "2026-06-19T16:09:53.902Z" },
    { url = "https://files.pythonhosted.org/packages/12/c3/780d739909e6d8ddd9e8786fd19e8ea10ccfcc7275df987e349af0fb33b1/pyobjc_framework_coretext-12.2.1-cp314-cp314t-macosx_10_15_universal2.whl", hash = "sha256:3d4a92fa657180cd0e900b98535da4f0f4d8c76a7077730a507e50d52d2853e3", size = 30642, upload-time = "2026-06-19T16:09:54.736Z" },
    { url = "https://files.pythonhosted.org/packages/0f/e9/867197c6cf2396b33e95d6175d7fdc6f789314859fb107560ae9b19c7b14/pyobjc_framework_coretext-12.2.1-cp315-cp315-macosx_10_15_universal2.whl", hash = "sha256:7a17034fd0a08cf58323b7234a385ce0ec355509d414df69e3f8f88df26de1fc", size = 30098, upload-time = "2026-06-19T16:09:55.679Z" },
    { url = "https://files.pythonhosted.org/packages/10/a3/f4e6d1a38cd4db8a1275eddb287f3cdc2c01c48f80b30e89cc58cfd92156/pyobjc_framework_coretext-12.2.1-cp315-cp315t-macosx_10_15_universal2.whl", hash = "sha256:28980144af75598654f6997b2bbb427885f4f5df90aa4d840f452ba5778ab155", size = 30669, upload-time = "2026-06-19T16:09:56.521Z" },
]

[[package]]
name = "pyobjc-framework-quartz"
version = "12.2.1"
source = { registry = "https://pypi.org/simple" }
dependencies = [
    { name = "pyobjc-core" },
    { name = "pyobjc-framework-cocoa" },
]
sdist = { url = "https://files.pythonhosted.org/packages/3b/f6/2a8b84dbf1fe7c04dd96ea73d991678d4e09a909f51971ecc51629bb2ab4/pyobjc_framework_quartz-12.2.1.tar.gz", hash = "sha256:b3b8b6f71e66147f8ff9e6213864cc8527e3a0b1ee90835b93ce221f4802d9b0", size = 3215521, upload-time = "2026-06-19T16:21:30.199Z" }
wheels = [
    { url = "https://files.pythonhosted.org/packages/8b/5d/85ffd9d433989205d572a50d625c63b29c05e0c5235a725f15ae1023672c/pyobjc_framework_quartz-12.2.1-cp314-cp314-macosx_10_15_universal2.whl", hash = "sha256:ceb56939c337b36d9d81185ade31f77dc52c85cf79bb16e53e9b32f54b6bb3f5", size = 219769, upload-time = "2026-06-19T16:16:08.814Z" },
    { url = "https://files.pythonhosted.org/packages/e2/d6/b917e4b63d72ea84a27121076f3033f23f6497c0e6ce8d304766c899897f/pyobjc_framework_quartz-12.2.1-cp314-cp314t-macosx_10_15_universal2.whl", hash = "sha256:8105c98b798f2bf81c05c54bddeeadbf62f0b5dfec13bd6e719dd2cdf7e1cddf", size = 224717, upload-time = "2026-06-19T16:16:10.215Z" },
    { url = "https://files.pythonhosted.org/packages/04/e2/f3c1ed3228f7430ef5ade23db6f1fcbae99290f177ce5653348fd9e05f4d/pyobjc_framework_quartz-12.2.1-cp315-cp315-macosx_10_15_universal2.whl", hash = "sha256:bbc214f1a216b5d3651bc832d0ac4589f029f3f37cd6cbb370aac12a7c77942c", size = 219825, upload-time = "2026-06-19T16:16:11.433Z" },
    { url = "https://files.pythonhosted.org/packages/66/2a/2c99a5ad2fe0a11600ea123b8e9a08ff138fcb2ad1e13e376f4bd4aa1d96/pyobjc_framework_quartz-12.2.1-cp315-cp315t-macosx_10_15_universal2.whl", hash = "sha256:ca61624a0b0e6286d8a0f97f47eb9011e4e81e9a339db436d48af527e7065bb1", size = 224770, upload-time = "2026-06-19T16:16:13.035Z" },
]

[[package]]
name = "pyside6"
version = "6.11.1"
source = { registry = "https://pypi.org/simple" }
dependencies = [
    { name = "pyside6-addons" },
    { name = "pyside6-essentials" },
    { name = "shiboken6" },
]
wheels = [
    { url = "https://files.pythonhosted.org/packages/da/a6/27ba5947ed48918f7b74b7c43a1e280aac069e36f25adeb4c9adfac835c4/pyside6-6.11.1-cp310-abi3-macosx_13_0_universal2.whl", hash = "sha256:537682c3b7530817203e667c1f5a2f00486b37bf52c52eeab438544c7a0917f6", size = 571921, upload-time = "2026-05-13T09:47:36.402Z" },
    { url = "https://files.pythonhosted.org/packages/d8/de/af89d71410c83b10654d86ff9aff2a4f87c30163658f1cc145242e222526/pyside6-6.11.1-cp310-abi3-manylinux_2_34_x86_64.whl", hash = "sha256:b1fc521ba2bb5109425ab8add06bddbdd524abcad06cfa012cc39a22a189feb2", size = 572102, upload-time = "2026-05-13T09:47:38.249Z" },
    { url = "https://files.pythonhosted.org/packages/b6/0e/d583bd3f7bf5046a4497b36f3902cfb64aa29554489a5a25c18e6b4ac0ac/pyside6-6.11.1-cp310-abi3-manylinux_2_39_aarch64.whl", hash = "sha256:75f0005c3eb95c07cfb65522ec50d0815ac007a96482c21dc3cb4b4c04895d84", size = 572098, upload-time = "2026-05-13T09:47:39.44Z" },
    { url = "https://files.pythonhosted.org/packages/57/f2/d9d8ce1373dabb37e5919f63cd18446556079631d3f2eea3ada03c29f6b8/pyside6-6.11.1-cp310-abi3-win_amd64.whl", hash = "sha256:0968877ab1fb4ef3587a284da6fe05e8647ada56a6a3750b6395188e01f4aba6", size = 578377, upload-time = "2026-05-13T09:47:40.76Z" },
    { url = "https://files.pythonhosted.org/packages/96/02/a6057d8bd2bdb1940820fff2d627fdf4013148c9c57adf69fa40d3452ac3/pyside6-6.11.1-cp310-abi3-win_arm64.whl", hash = "sha256:acee467cb5f256cc47ebb9d815a054c1d8416da380c191b247a76d164aa3f805", size = 561765, upload-time = "2026-05-13T09:47:41.9Z" },
]

[[package]]
name = "pyside6-addons"
version = "6.11.1"
source = { registry = "https://pypi.org/simple" }
dependencies = [
    { name = "pyside6-essentials" },
    { name = "shiboken6" },
]
wheels = [
    { url = "https://files.pythonhosted.org/packages/3f/6b/8bc94aff48b63f788f2d84e5467c12362d68906ba742c0942f46cb04c879/pyside6_addons-6.11.1-cp310-abi3-macosx_13_0_universal2.whl", hash = "sha256:54733c77f789bef5f03c6aff4ad3bec8b2eff021f0cfcbc53d5e6c250ded24f9", size = 331714589, upload-time = "2026-05-13T09:39:12.36Z" },
    { url = "https://files.pythonhosted.org/packages/dd/62/fb1428a523b2a4541e232aab50d9e789e6b4526f37fd9593452a7ea5b6b3/pyside6_addons-6.11.1-cp310-abi3-manylinux_2_34_x86_64.whl", hash = "sha256:8e6c65fbd73a512d6f72cda8d8277444a85a34dc99dd1dae9c21d35b8671bb1f", size = 175063224, upload-time = "2026-05-13T09:39:34.185Z" },
    { url = "https://files.pythonhosted.org/packages/ee/9b/2ccd52f66db55c06de65d0501170a1935d04d64d0a230c0d892284a02ce3/pyside6_addons-6.11.1-cp310-abi3-manylinux_2_39_aarch64.whl", hash = "sha256:bf1c6c4e954e5eba3d2a7c661ad4b9689e8f09c7f4a16bdf29713371d11af993", size = 170553429, upload-time = "2026-05-13T09:39:54.424Z" },
    { url = "https://files.pythonhosted.org/packages/9a/bd/8adc4d350b3b363f3dfc8fccdcf5bfed25f7e36c2fff30c64e106f4f1572/pyside6_addons-6.11.1-cp310-abi3-win_amd64.whl", hash = "sha256:0d13c4dfd671b050a48e4f8d8ddc724b7248f9c0437e7fc47fdf316278572923", size = 168816308, upload-time = "2026-05-13T09:40:13.541Z" },
    { url = "https://files.pythonhosted.org/packages/65/b7/9a840d97f0f0f04e372a87e205dd30ee285b4e3b021b188459a917c9dc76/pyside6_addons-6.11.1-cp310-abi3-win_arm64.whl", hash = "sha256:3494f480dee92f415be2f2d989c0b3f4755ac332b28045cbf4ba0f5c5a22ba37", size = 35759347, upload-time = "2026-05-13T09:40:21.199Z" },
]

[[package]]
name = "pyside6-essentials"
version = "6.11.1"
source = { registry = "https://pypi.org/simple" }
dependencies = [
    { name = "shiboken6" },
]
wheels = [
    { url = "https://files.pythonhosted.org/packages/b3/da/10d9197e7370eb4fed8df5fc547b7548dec88e5c5949e2d450db4ae96feb/pyside6_essentials-6.11.1-cp310-abi3-macosx_13_0_universal2.whl", hash = "sha256:228de53c2bc26b07e5021fbe3614fc44ca08e4dab9999af08c2b389d2c239957", size = 110352945, upload-time = "2026-05-13T09:43:08.006Z" },
    { url = "https://files.pythonhosted.org/packages/5c/49/0e1237c4400bec7e335d2c4eeb49bc40d9fd88a9ac44ca9083ce1abdc308/pyside6_essentials-6.11.1-cp310-abi3-manylinux_2_34_x86_64.whl", hash = "sha256:e3ef7027b41e4e55fadb56e3b3257dc8ee92154b639fe67fc4c8e05e9d976c60", size = 79908535, upload-time = "2026-05-13T09:43:24.836Z" },
    { url = "https://files.pythonhosted.org/packages/4c/c5/da4c5f23c6540ac5211a1f60177c8dee84b1bf40f2719479587ab8c60731/pyside6_essentials-6.11.1-cp310-abi3-manylinux_2_39_aarch64.whl", hash = "sha256:a039b6da68a3a4b9d243217b2b98d475eed3f617159ef6be925badab53c11b0d", size = 78960051, upload-time = "2026-05-13T09:43:35.423Z" },
    { url = "https://files.pythonhosted.org/packages/64/0e/b663ecc96ca57b5c91b83b6615d6b174380b0faf30338125c26e053d6aa7/pyside6_essentials-6.11.1-cp310-abi3-win_amd64.whl", hash = "sha256:63311bd48e32c584599ab04b9ef7c324082374cd2c9fa533f978fb893bb47e40", size = 77549267, upload-time = "2026-05-13T09:43:44.92Z" },
    { url = "https://files.pythonhosted.org/packages/f1/12/eb6723faf5cb7fa581145da1c15f40d641b96e080f0491af2f1859fdeedb/pyside6_essentials-6.11.1-cp310-abi3-win_arm64.whl", hash = "sha256:11253ea52aabecefe9febddbbe78b43a824129e3af1cec98431028fba7fa954f", size = 57964512, upload-time = "2026-05-13T09:43:52.968Z" },
]

[[package]]
name = "python-xlib"
version = "0.33"
source = { registry = "https://pypi.org/simple" }
dependencies = [
    { name = "six" },
]
sdist = { url = "https://files.pythonhosted.org/packages/86/f5/8c0653e5bb54e0cbdfe27bf32d41f27bc4e12faa8742778c17f2a71be2c0/python-xlib-0.33.tar.gz", hash = "sha256:55af7906a2c75ce6cb280a584776080602444f75815a7aff4d287bb2d7018b32", size = 269068, upload-time = "2022-12-25T18:53:00.824Z" }
wheels = [
    { url = "https://files.pythonhosted.org/packages/fc/b8/ff33610932e0ee81ae7f1269c890f697d56ff74b9f5b2ee5d9b7fa2c5355/python_xlib-0.33-py2.py3-none-any.whl", hash = "sha256:c3534038d42e0df2f1392a1b30a15a4ff5fdc2b86cfa94f072bf11b10a164398", size = 182185, upload-time = "2022-12-25T18:52:58.662Z" },
]

[[package]]
name = "shiboken6"
version = "6.11.1"
source = { registry = "https://pypi.org/simple" }
wheels = [
    { url = "https://files.pythonhosted.org/packages/17/f3/f2b63df0251e7cd3172ea28e32ede52739de9566bcefcd0178681538ac81/shiboken6-6.11.1-cp310-abi3-macosx_13_0_universal2.whl", hash = "sha256:1a16867f103ef1c662a5f09dfed03273a9f81688b174555162c58e83650a3f02", size = 476874, upload-time = "2026-05-13T09:47:01.091Z" },
    { url = "https://files.pythonhosted.org/packages/c7/9b/e0355d8897b5c150770f1d95718aad17d432fcc9c035c04f3f58427d4693/shiboken6-6.11.1-cp310-abi3-manylinux_2_34_x86_64.whl", hash = "sha256:9a8bccfafc8805254cabcfa1edfaf55cd52889f4998c91ad0d9a4433fb1bcdbe", size = 272222, upload-time = "2026-05-13T09:47:02.653Z" },
    { url = "https://files.pythonhosted.org/packages/57/d5/dd4f1defed400be03340f2ede34b61f846776650b4e7ed9ebaf4c71979a2/shiboken6-6.11.1-cp310-abi3-manylinux_2_39_aarch64.whl", hash = "sha256:1bd2f4314414df2d122d9f646e03b731bc6d6b5f77a5f53f99a4fe4e97d84e6f", size = 270350, upload-time = "2026-05-13T09:47:04.02Z" },
    { url = "https://files.pythonhosted.org/packages/52/b5/3f6fb2ee65b534193fb4ef713dd619dc31dadff5d12c16979a7699ad58be/shiboken6-6.11.1-cp310-abi3-win_amd64.whl", hash = "sha256:c2c6863aa80ec18c0f82cea3417837b279cdc60024ac17123461dc9042577df7", size = 1223647, upload-time = "2026-05-13T09:47:05.924Z" },
    { url = "https://files.pythonhosted.org/packages/98/d1/f15ca0e1666faae02c945f48e745ea35f8fcd8243b176109b4e2c4251f47/shiboken6-6.11.1-cp310-abi3-win_arm64.whl", hash = "sha256:7c8d9af17db4495d4fa5b1c393f218311c4855546b9dfa6a0bd21bcd66b55e9d", size = 1784170, upload-time = "2026-05-13T09:47:07.617Z" },
]

[[package]]
name = "six"
version = "1.17.0"
source = { registry = "https://pypi.org/simple" }
sdist = { url = "https://files.pythonhosted.org/packages/94/e7/b2c673351809dca68a0e064b6af791aa332cf192da575fd474ed7d6f16a2/six-1.17.0.tar.gz", hash = "sha256:ff70335d468e7eb6ec65b95b99d3a2836546063f63acc5171de367e834932a81", size = 34031, upload-time = "2024-12-04T17:35:28.174Z" }
wheels = [
    { url = "https://files.pythonhosted.org/packages/b7/ce/149a00dd41f10bc29e5921b496af8b574d8413afcd5e30dfa0ed46c2cc5e/six-1.17.0-py2.py3-none-any.whl", hash = "sha256:4721f391ed90541fddacab5acf947aa0d3dc7d27b2e1e8eda2be8970586c3274", size = 11050, upload-time = "2024-12-04T17:35:26.475Z" },
]
